// !$*UTF8*$!
{
	archiveVersion = 1;
	classes = {
	};
	objectVersion = 46;
	objects = {

/* Begin PBXBuildFile section */
		C0A184E81C4CB5BC0016AAB7 /* AppDelegate.swift in Sources */ = {isa = PBXBuildFile; fileRef = C0A184E71C4CB5BC0016AAB7 /* AppDelegate.swift */; };
		C0A184EA1C4CB5BC0016AAB7 /* ViewController.swift in Sources */ = {isa = PBXBuildFile; fileRef = C0A184E91C4CB5BC0016AAB7 /* ViewController.swift */; };
		C0A184ED1C4CB5BC0016AAB7 /* Main.storyboard in Resources */ = {isa = PBXBuildFile; fileRef = C0A184EB1C4CB5BC0016AAB7 /* Main.storyboard */; };
		C0A184EF1C4CB5BC0016AAB7 /* Assets.xcassets in Resources */ = {isa = PBXBuildFile; fileRef = C0A184EE1C4CB5BC0016AAB7 /* Assets.xcassets */; };
		C0A184F21C4CB5BC0016AAB7 /* LaunchScreen.storyboard in Resources */ = {isa = PBXBuildFile; fileRef = C0A184F01C4CB5BC0016AAB7 /* LaunchScreen.storyboard */; };
		C0A184FD1C4CB5BD0016AAB7 /* myappTests.swift in Sources */ = {isa = PBXBuildFile; fileRef = C0A184FC1C4CB5BD0016AAB7 /* myappTests.swift */; };
		C0A185081C4CB5BD0016AAB7 /* myappUITests.swift in Sources */ = {isa = PBXBuildFile; fileRef = C0A185071C4CB5BD0016AAB7 /* myappUITests.swift */; };
		C0A185171C4CDE440016AAB7 /* Bolts.framework in Frameworks */ = {isa = PBXBuildFile; fileRef = C0A185151C4CDE440016AAB7 /* Bolts.framework */; settings = {ASSET_TAGS = (); }; };
		C0A185181C4CDE440016AAB7 /* Parse.framework in Frameworks */ = {isa = PBXBuildFile; fileRef = C0A185161C4CDE440016AAB7 /* Parse.framework */; settings = {ASSET_TAGS = (); }; };
		C0A1851A1C4CDEF60016AAB7 /* AudioToolbox.framework in Frameworks */ = {isa = PBXBuildFile; fileRef = C0A185191C4CDEF60016AAB7 /* AudioToolbox.framework */; };
		C0A1851C1C4CDF4F0016AAB7 /* CFNetwork.framework in Frameworks */ = {isa = PBXBuildFile; fileRef = C0A1851B1C4CDF4F0016AAB7 /* CFNetwork.framework */; };
		C0A1851E1C4CDF790016AAB7 /* CoreLocation.framework in Frameworks */ = {isa = PBXBuildFile; fileRef = C0A1851D1C4CDF790016AAB7 /* CoreLocation.framework */; };
		C0A185201C4CDF9C0016AAB7 /* CoreGraphics.framework in Frameworks */ = {isa = PBXBuildFile; fileRef = C0A1851F1C4CDF9C0016AAB7 /* CoreGraphics.framework */; };
		C0A185221C4CDFAF0016AAB7 /* MobileCoreServices.framework in Frameworks */ = {isa = PBXBuildFile; fileRef = C0A185211C4CDFAF0016AAB7 /* MobileCoreServices.framework */; };
		C0A185261C4CDFCE0016AAB7 /* Security.framework in Frameworks */ = {isa = PBXBuildFile; fileRef = C0A185231C4CDFCE0016AAB7 /* Security.framework */; };
		C0A185271C4CDFCE0016AAB7 /* StoreKit.framework in Frameworks */ = {isa = PBXBuildFile; fileRef = C0A185241C4CDFCE0016AAB7 /* StoreKit.framework */; };
		C0A185281C4CDFCE0016AAB7 /* SystemConfiguration.framework in Frameworks */ = {isa = PBXBuildFile; fileRef = C0A185251C4CDFCE0016AAB7 /* SystemConfiguration.framework */; };
		C0A1852A1C4CE00A0016AAB7 /* libsqlite3.tbd in Frameworks */ = {isa = PBXBuildFile; fileRef = C0A185291C4CE00A0016AAB7 /* libsqlite3.tbd */; };
		C0A1852C1C4CE0180016AAB7 /* libz.tbd in Frameworks */ = {isa = PBXBuildFile; fileRef = C0A1852B1C4CE0180016AAB7 /* libz.tbd */; };
		C0A1852E1C4CE07D0016AAB7 /* Accounts.framework in Frameworks */ = {isa = PBXBuildFile; fileRef = C0A1852D1C4CE07D0016AAB7 /* Accounts.framework */; };
		C0A185301C4CE0880016AAB7 /* Social.framework in Frameworks */ = {isa = PBXBuildFile; fileRef = C0A1852F1C4CE0880016AAB7 /* Social.framework */; };
		C0E966AE1C50A677001C710A /* SignUpViewController.swift in Sources */ = {isa = PBXBuildFile; fileRef = C0E966AD1C50A677001C710A /* SignUpViewController.swift */; settings = {ASSET_TAGS = (); }; };
/* End PBXBuildFile section */

/* Begin PBXContainerItemProxy section */
		C0A184F91C4CB5BD0016AAB7 /* PBXContainerItemProxy */ = {
			isa = PBXContainerItemProxy;
			containerPortal = C0A184DC1C4CB5BC0016AAB7 /* Project object */;
			proxyType = 1;
			remoteGlobalIDString = C0A184E31C4CB5BC0016AAB7;
			remoteInfo = myapp;
		};
		C0A185041C4CB5BD0016AAB7 /* PBXContainerItemProxy */ = {
			isa = PBXContainerItemProxy;
			containerPortal = C0A184DC1C4CB5BC0016AAB7 /* Project object */;
			proxyType = 1;
			remoteGlobalIDString = C0A184E31C4CB5BC0016AAB7;
			remoteInfo = myapp;
		};
/* End PBXContainerItemProxy section */

/* Begin PBXFileReference section */
		C0A184E41C4CB5BC0016AAB7 /* myapp.app */ = {isa = PBXFileReference; explicitFileType = wrapper.application; includeInIndex = 0; path = myapp.app; sourceTree = BUILT_PRODUCTS_DIR; };
		C0A184E71C4CB5BC0016AAB7 /* AppDelegate.swift */ = {isa = PBXFileReference; lastKnownFileType = sourcecode.swift; path = AppDelegate.swift; sourceTree = "<group>"; };
		C0A184E91C4CB5BC0016AAB7 /* ViewController.swift */ = {isa = PBXFileReference; lastKnownFileType = sourcecode.swift; path = ViewController.swift; sourceTree = "<group>"; };
		C0A184EC1C4CB5BC0016AAB7 /* Base */ = {isa = PBXFileReference; lastKnownFileType = file.storyboard; name = Base; path = Base.lproj/Main.storyboard; sourceTree = "<group>"; };
		C0A184EE1C4CB5BC0016AAB7 /* Assets.xcassets */ = {isa = PBXFileReference; lastKnownFileType = folder.assetcatalog; path = Assets.xcassets; sourceTree = "<group>"; };
		C0A184F11C4CB5BC0016AAB7 /* Base */ = {isa = PBXFileReference; lastKnownFileType = file.storyboard; name = Base; path = Base.lproj/LaunchScreen.storyboard; sourceTree = "<group>"; };
		C0A184F31C4CB5BC0016AAB7 /* Info.plist */ = {isa = PBXFileReference; lastKnownFileType = text.plist.xml; path = Info.plist; sourceTree = "<group>"; };
		C0A184F81C4CB5BD0016AAB7 /* myappTests.xctest */ = {isa = PBXFileReference; explicitFileType = wrapper.cfbundle; includeInIndex = 0; path = myappTests.xctest; sourceTree = BUILT_PRODUCTS_DIR; };
		C0A184FC1C4CB5BD0016AAB7 /* myappTests.swift */ = {isa = PBXFileReference; lastKnownFileType = sourcecode.swift; path = myappTests.swift; sourceTree = "<group>"; };
		C0A184FE1C4CB5BD0016AAB7 /* Info.plist */ = {isa = PBXFileReference; lastKnownFileType = text.plist.xml; path = Info.plist; sourceTree = "<group>"; };
		C0A185031C4CB5BD0016AAB7 /* myappUITests.xctest */ = {isa = PBXFileReference; explicitFileType = wrapper.cfbundle; includeInIndex = 0; path = myappUITests.xctest; sourceTree = BUILT_PRODUCTS_DIR; };
		C0A185071C4CB5BD0016AAB7 /* myappUITests.swift */ = {isa = PBXFileReference; lastKnownFileType = sourcecode.swift; path = myappUITests.swift; sourceTree = "<group>"; };
		C0A185091C4CB5BD0016AAB7 /* Info.plist */ = {isa = PBXFileReference; lastKnownFileType = text.plist.xml; path = Info.plist; sourceTree = "<group>"; };
		C0A185151C4CDE440016AAB7 /* Bolts.framework */ = {isa = PBXFileReference; lastKnownFileType = wrapper.framework; name = Bolts.framework; path = myapp/Bolts.framework; sourceTree = "<group>"; };
		C0A185161C4CDE440016AAB7 /* Parse.framework */ = {isa = PBXFileReference; lastKnownFileType = wrapper.framework; name = Parse.framework; path = myapp/Parse.framework; sourceTree = "<group>"; };
		C0A185191C4CDEF60016AAB7 /* AudioToolbox.framework */ = {isa = PBXFileReference; lastKnownFileType = wrapper.framework; name = AudioToolbox.framework; path = System/Library/Frameworks/AudioToolbox.framework; sourceTree = SDKROOT; };
		C0A1851B1C4CDF4F0016AAB7 /* CFNetwork.framework */ = {isa = PBXFileReference; lastKnownFileType = wrapper.framework; name = CFNetwork.framework; path = System/Library/Frameworks/CFNetwork.framework; sourceTree = SDKROOT; };
		C0A1851D1C4CDF790016AAB7 /* CoreLocation.framework */ = {isa = PBXFileReference; lastKnownFileType = wrapper.framework; name = CoreLocation.framework; path = System/Library/Frameworks/CoreLocation.framework; sourceTree = SDKROOT; };
		C0A1851F1C4CDF9C0016AAB7 /* CoreGraphics.framework */ = {isa = PBXFileReference; lastKnownFileType = wrapper.framework; name = CoreGraphics.framework; path = System/Library/Frameworks/CoreGraphics.framework; sourceTree = SDKROOT; };
		C0A185211C4CDFAF0016AAB7 /* MobileCoreServices.framework */ = {isa = PBXFileReference; lastKnownFileType = wrapper.framework; name = MobileCoreServices.framework; path = System/Library/Frameworks/MobileCoreServices.framework; sourceTree = SDKROOT; };
		C0A185231C4CDFCE0016AAB7 /* Security.framework */ = {isa = PBXFileReference; lastKnownFileType = wrapper.framework; name = Security.framework; path = System/Library/Frameworks/Security.framework; sourceTree = SDKROOT; };
		C0A185241C4CDFCE0016AAB7 /* StoreKit.framework */ = {isa = PBXFileReference; lastKnownFileType = wrapper.framework; name = StoreKit.framework; path = System/Library/Frameworks/StoreKit.framework; sourceTree = SDKROOT; };
		C0A185251C4CDFCE0016AAB7 /* SystemConfiguration.framework */ = {isa = PBXFileReference; lastKnownFileType = wrapper.framework; name = SystemConfiguration.framework; path = System/Library/Frameworks/SystemConfiguration.framework; sourceTree = SDKROOT; };
		C0A185291C4CE00A0016AAB7 /* libsqlite3.tbd */ = {isa = PBXFileReference; lastKnownFileType = "sourcecode.text-based-dylib-definition"; name = libsqlite3.tbd; path = usr/lib/libsqlite3.tbd; sourceTree = SDKROOT; };
		C0A1852B1C4CE0180016AAB7 /* libz.tbd */ = {isa = PBXFileReference; lastKnownFileType = "sourcecode.text-based-dylib-definition"; name = libz.tbd; path = usr/lib/libz.tbd; sourceTree = SDKROOT; };
		C0A1852D1C4CE07D0016AAB7 /* Accounts.framework */ = {isa = PBXFileReference; lastKnownFileType = wrapper.framework; name = Accounts.framework; path = System/Library/Frameworks/Accounts.framework; sourceTree = SDKROOT; };
		C0A1852F1C4CE0880016AAB7 /* Social.framework */ = {isa = PBXFileReference; lastKnownFileType = wrapper.framework; name = Social.framework; path = System/Library/Frameworks/Social.framework; sourceTree = SDKROOT; };
		C0E966AD1C50A677001C710A /* SignUpViewController.swift */ = {isa = PBXFileReference; fileEncoding = 4; lastKnownFileType = sourcecode.swift; path = SignUpViewController.swift; sourceTree = "<group>"; };
/* End PBXFileReference section */

/* Begin PBXFrameworksBuildPhase section */
		C0A184E11C4CB5BC0016AAB7 /* Frameworks */ = {
			isa = PBXFrameworksBuildPhase;
			buildActionMask = 2147483647;
			files = (
				C0A185301C4CE0880016AAB7 /* Social.framework in Frameworks */,
				C0A1852E1C4CE07D0016AAB7 /* Accounts.framework in Frameworks */,
				C0A1852C1C4CE0180016AAB7 /* libz.tbd in Frameworks */,
				C0A1852A1C4CE00A0016AAB7 /* libsqlite3.tbd in Frameworks */,
				C0A185261C4CDFCE0016AAB7 /* Security.framework in Frameworks */,
				C0A185271C4CDFCE0016AAB7 /* StoreKit.framework in Frameworks */,
				C0A185281C4CDFCE0016AAB7 /* SystemConfiguration.framework in Frameworks */,
				C0A185221C4CDFAF0016AAB7 /* MobileCoreServices.framework in Frameworks */,
				C0A185201C4CDF9C0016AAB7 /* CoreGraphics.framework in Frameworks */,
				C0A1851E1C4CDF790016AAB7 /* CoreLocation.framework in Frameworks */,
				C0A1851C1C4CDF4F0016AAB7 /* CFNetwork.framework in Frameworks */,
				C0A1851A1C4CDEF60016AAB7 /* AudioToolbox.framework in Frameworks */,
				C0A185181C4CDE440016AAB7 /* Parse.framework in Frameworks */,
				C0A185171C4CDE440016AAB7 /* Bolts.framework in Frameworks */,
			);
			runOnlyForDeploymentPostprocessing = 0;
		};
		C0A184F51C4CB5BD0016AAB7 /* Frameworks */ = {
			isa = PBXFrameworksBuildPhase;
			buildActionMask = 2147483647;
			files = (
			);
			runOnlyForDeploymentPostprocessing = 0;
		};
		C0A185001C4CB5BD0016AAB7 /* Frameworks */ = {
			isa = PBXFrameworksBuildPhase;
			buildActionMask = 2147483647;
			files = (
			);
			runOnlyForDeploymentPostprocessing = 0;
		};
/* End PBXFrameworksBuildPhase section */

/* Begin PBXGroup section */
		C0A184DB1C4CB5BC0016AAB7 = {
			isa = PBXGroup;
			children = (
				C0A185311C4CE0D30016AAB7 /* Frameworks */,
				C0A184E61C4CB5BC0016AAB7 /* myapp */,
				C0A184FB1C4CB5BD0016AAB7 /* myappTests */,
				C0A185061C4CB5BD0016AAB7 /* myappUITests */,
				C0A184E51C4CB5BC0016AAB7 /* Products */,
			);
			sourceTree = "<group>";
		};
		C0A184E51C4CB5BC0016AAB7 /* Products */ = {
			isa = PBXGroup;
			children = (
				C0A184E41C4CB5BC0016AAB7 /* myapp.app */,
				C0A184F81C4CB5BD0016AAB7 /* myappTests.xctest */,
				C0A185031C4CB5BD0016AAB7 /* myappUITests.xctest */,
			);
			name = Products;
			sourceTree = "<group>";
		};
		C0A184E61C4CB5BC0016AAB7 /* myapp */ = {
			isa = PBXGroup;
			children = (
				C0A184E71C4CB5BC0016AAB7 /* AppDelegate.swift */,
				C0A184E91C4CB5BC0016AAB7 /* ViewController.swift */,
				C0A184EB1C4CB5BC0016AAB7 /* Main.storyboard */,
				C0A184EE1C4CB5BC0016AAB7 /* Assets.xcassets */,
				C0A184F01C4CB5BC0016AAB7 /* LaunchScreen.storyboard */,
				C0A184F31C4CB5BC0016AAB7 /* Info.plist */,
				C0E966AD1C50A677001C710A /* SignUpViewController.swift */,
			);
			path = myapp;
			sourceTree = "<group>";
		};
		C0A184FB1C4CB5BD0016AAB7 /* myappTests */ = {
			isa = PBXGroup;
			children = (
				C0A184FC1C4CB5BD0016AAB7 /* myappTests.swift */,
				C0A184FE1C4CB5BD0016AAB7 /* Info.plist */,
			);
			path = myappTests;
			sourceTree = "<group>";
		};
		C0A185061C4CB5BD0016AAB7 /* myappUITests */ = {
			isa = PBXGroup;
			children = (
				C0A185071C4CB5BD0016AAB7 /* myappUITests.swift */,
				C0A185091C4CB5BD0016AAB7 /* Info.plist */,
			);
			path = myappUITests;
			sourceTree = "<group>";
		};
		C0A185311C4CE0D30016AAB7 /* Frameworks */ = {
			isa = PBXGroup;
			children = (
				C0A185161C4CDE440016AAB7 /* Parse.framework */,
				C0A185151C4CDE440016AAB7 /* Bolts.framework */,
				C0A1852F1C4CE0880016AAB7 /* Social.framework */,
				C0A1852D1C4CE07D0016AAB7 /* Accounts.framework */,
				C0A1852B1C4CE0180016AAB7 /* libz.tbd */,
				C0A185291C4CE00A0016AAB7 /* libsqlite3.tbd */,
				C0A185231C4CDFCE0016AAB7 /* Security.framework */,
				C0A185241C4CDFCE0016AAB7 /* StoreKit.framework */,
				C0A185251C4CDFCE0016AAB7 /* SystemConfiguration.framework */,
				C0A185211C4CDFAF0016AAB7 /* MobileCoreServices.framework */,
				C0A1851F1C4CDF9C0016AAB7 /* CoreGraphics.framework */,
				C0A1851D1C4CDF790016AAB7 /* CoreLocation.framework */,
				C0A1851B1C4CDF4F0016AAB7 /* CFNetwork.framework */,
				C0A185191C4CDEF60016AAB7 /* AudioToolbox.framework */,
			);
			name = Frameworks;
			sourceTree = "<group>";
		};
/* End PBXGroup section */

/* Begin PBXNativeTarget section */
		C0A184E31C4CB5BC0016AAB7 /* myapp */ = {
			isa = PBXNativeTarget;
			buildConfigurationList = C0A1850C1C4CB5BD0016AAB7 /* Build configuration list for PBXNativeTarget "myapp" */;
			buildPhases = (
				C0A184E01C4CB5BC0016AAB7 /* Sources */,
				C0A184E11C4CB5BC0016AAB7 /* Frameworks */,
				C0A184E21C4CB5BC0016AAB7 /* Resources */,
			);
			buildRules = (
			);
			dependencies = (
			);
			name = myapp;
			productName = myapp;
			productReference = C0A184E41C4CB5BC0016AAB7 /* myapp.app */;
			productType = "com.apple.product-type.application";
		};
		C0A184F71C4CB5BD0016AAB7 /* myappTests */ = {
			isa = PBXNativeTarget;
			buildConfigurationList = C0A1850F1C4CB5BD0016AAB7 /* Build configuration list for PBXNativeTarget "myappTests" */;
			buildPhases = (
				C0A184F41C4CB5BD0016AAB7 /* Sources */,
				C0A184F51C4CB5BD0016AAB7 /* Frameworks */,
				C0A184F61C4CB5BD0016AAB7 /* Resources */,
			);
			buildRules = (
			);
			dependencies = (
				C0A184FA1C4CB5BD0016AAB7 /* PBXTargetDependency */,
			);
			name = myappTests;
			productName = myappTests;
			productReference = C0A184F81C4CB5BD0016AAB7 /* myappTests.xctest */;
			productType = "com.apple.product-type.bundle.unit-test";
		};
		C0A185021C4CB5BD0016AAB7 /* myappUITests */ = {
			isa = PBXNativeTarget;
			buildConfigurationList = C0A185121C4CB5BD0016AAB7 /* Build configuration list for PBXNativeTarget "myappUITests" */;
			buildPhases = (
				C0A184FF1C4CB5BD0016AAB7 /* Sources */,
				C0A185001C4CB5BD0016AAB7 /* Frameworks */,
				C0A185011C4CB5BD0016AAB7 /* Resources */,
			);
			buildRules = (
			);
			dependencies = (
				C0A185051C4CB5BD0016AAB7 /* PBXTargetDependency */,
			);
			name = myappUITests;
			productName = myappUITests;
			productReference = C0A185031C4CB5BD0016AAB7 /* myappUITests.xctest */;
			productType = "com.apple.product-type.bundle.ui-testing";
		};
/* End PBXNativeTarget section */

/* Begin PBXProject section */
		C0A184DC1C4CB5BC0016AAB7 /* Project object */ = {
			isa = PBXProject;
			attributes = {
				LastUpgradeCheck = 0700;
				ORGANIZATIONNAME = "Sagar Chhetri";
				TargetAttributes = {
					C0A184E31C4CB5BC0016AAB7 = {
						CreatedOnToolsVersion = 7.0.1;
					};
					C0A184F71C4CB5BD0016AAB7 = {
						CreatedOnToolsVersion = 7.0.1;
						TestTargetID = C0A184E31C4CB5BC0016AAB7;
					};
					C0A185021C4CB5BD0016AAB7 = {
						CreatedOnToolsVersion = 7.0.1;
						TestTargetID = C0A184E31C4CB5BC0016AAB7;
					};
				};
			};
			buildConfigurationList = C0A184DF1C4CB5BC0016AAB7 /* Build configuration list for PBXProject "myapp" */;
			compatibilityVersion = "Xcode 3.2";
			developmentRegion = English;
			hasScannedForEncodings = 0;
			knownRegions = (
				en,
				Base,
			);
			mainGroup = C0A184DB1C4CB5BC0016AAB7;
			productRefGroup = C0A184E51C4CB5BC0016AAB7 /* Products */;
			projectDirPath = "";
			projectRoot = "";
			targets = (
				C0A184E31C4CB5BC0016AAB7 /* myapp */,
				C0A184F71C4CB5BD0016AAB7 /* myappTests */,
				C0A185021C4CB5BD0016AAB7 /* myappUITests */,
			);
		};
/* End PBXProject section */

/* Begin PBXResourcesBuildPhase section */
		C0A184E21C4CB5BC0016AAB7 /* Resources */ = {
			isa = PBXResourcesBuildPhase;
			buildActionMask = 2147483647;
			files = (
				C0A184F21C4CB5BC0016AAB7 /* LaunchScreen.storyboard in Resources */,
				C0A184EF1C4CB5BC0016AAB7 /* Assets.xcassets in Resources */,
				C0A184ED1C4CB5BC0016AAB7 /* Main.storyboard in Resources */,
			);
			runOnlyForDeploymentPostprocessing = 0;
		};
		C0A184F61C4CB5BD0016AAB7 /* Resources */ = {
			isa = PBXResourcesBuildPhase;
			buildActionMask = 2147483647;
			files = (
			);
			runOnlyForDeploymentPostprocessing = 0;
		};
		C0A185011C4CB5BD0016AAB7 /* Resources */ = {
			isa = PBXResourcesBuildPhase;
			buildActionMask = 2147483647;
			files = (
			);
			runOnlyForDeploymentPostprocessing = 0;
		};
/* End PBXResourcesBuildPhase section */

/* Begin PBXSourcesBuildPhase section */
		C0A184E01C4CB5BC0016AAB7 /* Sources */ = {
			isa = PBXSourcesBuildPhase;
			buildActionMask = 2147483647;
			files = (
				C0E966AE1C50A677001C710A /* SignUpViewController.swift in Sources */,
				C0A184EA1C4CB5BC0016AAB7 /* ViewController.swift in Sources */,
				C0A184E81C4CB5BC0016AAB7 /* AppDelegate.swift in Sources */,
			);
			runOnlyForDeploymentPostprocessing = 0;
		};
		C0A184F41C4CB5BD0016AAB7 /* Sources */ = {
			isa = PBXSourcesBuildPhase;
			buildActionMask = 2147483647;
			files = (
				C0A184FD1C4CB5BD0016AAB7 /* myappTests.swift in Sources */,
			);
			runOnlyForDeploymentPostprocessing = 0;
		};
		C0A184FF1C4CB5BD0016AAB7 /* Sources */ = {
			isa = PBXSourcesBuildPhase;
			buildActionMask = 2147483647;
			files = (
				C0A185081C4CB5BD0016AAB7 /* myappUITests.swift in Sources */,
			);
			runOnlyForDeploymentPostprocessing = 0;
		};
/* End PBXSourcesBuildPhase section */

/* Begin PBXTargetDependency section */
		C0A184FA1C4CB5BD0016AAB7 /* PBXTargetDependency */ = {
			isa = PBXTargetDependency;
			target = C0A184E31C4CB5BC0016AAB7 /* myapp */;
			targetProxy = C0A184F91C4CB5BD0016AAB7 /* PBXContainerItemProxy */;
		};
		C0A185051C4CB5BD0016AAB7 /* PBXTargetDependency */ = {
			isa = PBXTargetDependency;
			target = C0A184E31C4CB5BC0016AAB7 /* myapp */;
			targetProxy = C0A185041C4CB5BD0016AAB7 /* PBXContainerItemProxy */;
		};
/* End PBXTargetDependency section */

/* Begin PBXVariantGroup section */
		C0A184EB1C4CB5BC0016AAB7 /* Main.storyboard */ = {
			isa = PBXVariantGroup;
			children = (
				C0A184EC1C4CB5BC0016AAB7 /* Base */,
			);
			name = Main.storyboard;
			sourceTree = "<group>";
		};
		C0A184F01C4CB5BC0016AAB7 /* LaunchScreen.storyboard */ = {
			isa = PBXVariantGroup;
			children = (
				C0A184F11C4CB5BC0016AAB7 /* Base */,
			);
			name = LaunchScreen.storyboard;
			sourceTree = "<group>";
		};
/* End PBXVariantGroup section */

/* Begin XCBuildConfiguration section */
		C0A1850A1C4CB5BD0016AAB7 /* Debug */ = {
			isa = XCBuildConfiguration;
			buildSettings = {
				ALWAYS_SEARCH_USER_PATHS = NO;
				CLANG_CXX_LANGUAGE_STANDARD = "gnu++0x";
				CLANG_CXX_LIBRARY = "libc++";
				CLANG_ENABLE_MODULES = YES;
				CLANG_ENABLE_OBJC_ARC = YES;
				CLANG_WARN_BOOL_CONVERSION = YES;
				CLANG_WARN_CONSTANT_CONVERSION = YES;
				CLANG_WARN_DIRECT_OBJC_ISA_USAGE = YES_ERROR;
				CLANG_WARN_EMPTY_BODY = YES;
				CLANG_WARN_ENUM_CONVERSION = YES;
				CLANG_WARN_INT_CONVERSION = YES;
				CLANG_WARN_OBJC_ROOT_CLASS = YES_ERROR;
				CLANG_WARN_UNREACHABLE_CODE = YES;
				CLANG_WARN__DUPLICATE_METHOD_MATCH = YES;
				"CODE_SIGN_IDENTITY[sdk=iphoneos*]" = "iPhone Developer";
				COPY_PHASE_STRIP = NO;
				DEBUG_INFORMATION_FORMAT = dwarf;
				ENABLE_STRICT_OBJC_MSGSEND = YES;
				ENABLE_TESTABILITY = YES;
				GCC_C_LANGUAGE_STANDARD = gnu99;
				GCC_DYNAMIC_NO_PIC = NO;
				GCC_NO_COMMON_BLOCKS = YES;
				GCC_OPTIMIZATION_LEVEL = 0;
				GCC_PREPROCESSOR_DEFINITIONS = (
					"DEBUG=1",
					"$(inherited)",
				);
				GCC_WARN_64_TO_32_BIT_CONVERSION = YES;
				GCC_WARN_ABOUT_RETURN_TYPE = YES_ERROR;
				GCC_WARN_UNDECLARED_SELECTOR = YES;
				GCC_WARN_UNINITIALIZED_AUTOS = YES_AGGRESSIVE;
				GCC_WARN_UNUSED_FUNCTION = YES;
				GCC_WARN_UNUSED_VARIABLE = YES;
				IPHONEOS_DEPLOYMENT_TARGET = 9.0;
				MTL_ENABLE_DEBUG_INFO = YES;
				ONLY_ACTIVE_ARCH = YES;
				SDKROOT = iphoneos;
				SWIFT_OPTIMIZATION_LEVEL = "-Onone";
			};
			name = Debug;
		};
		C0A1850B1C4CB5BD0016AAB7 /* Release */ = {
			isa = XCBuildConfiguration;
			buildSettings = {
				ALWAYS_SEARCH_USER_PATHS = NO;
				CLANG_CXX_LANGUAGE_STANDARD = "gnu++0x";
				CLANG_CXX_LIBRARY = "libc++";
				CLANG_ENABLE_MODULES = YES;
				CLANG_ENABLE_OBJC_ARC = YES;
				CLANG_WARN_BOOL_CONVERSION = YES;
				CLANG_WARN_CONSTANT_CONVERSION = YES;
				CLANG_WARN_DIRECT_OBJC_ISA_USAGE = YES_ERROR;
				CLANG_WARN_EMPTY_BODY = YES;
				CLANG_WARN_ENUM_CONVERSION = YES;
				CLANG_WARN_INT_CONVERSION = YES;
				CLANG_WARN_OBJC_ROOT_CLASS = YES_ERROR;
				CLANG_WARN_UNREACHABLE_CODE = YES;
				CLANG_WARN__DUPLICATE_METHOD_MATCH = YES;
				"CODE_SIGN_IDENTITY[sdk=iphoneos*]" = "iPhone Developer";
				COPY_PHASE_STRIP = NO;
				DEBUG_INFORMATION_FORMAT = "dwarf-with-dsym";
				ENABLE_NS_ASSERTIONS = NO;
				ENABLE_STRICT_OBJC_MSGSEND = YES;
				GCC_C_LANGUAGE_STANDARD = gnu99;
				GCC_NO_COMMON_BLOCKS = YES;
				GCC_WARN_64_TO_32_BIT_CONVERSION = YES;
				GCC_WARN_ABOUT_RETURN_TYPE = YES_ERROR;
				GCC_WARN_UNDECLARED_SELECTOR = YES;
				GCC_WARN_UNINITIALIZED_AUTOS = YES_AGGRESSIVE;
				GCC_WARN_UNUSED_FUNCTION = YES;
				GCC_WARN_UNUSED_VARIABLE = YES;
				IPHONEOS_DEPLOYMENT_TARGET = 9.0;
				MTL_ENABLE_DEBUG_INFO = NO;
				SDKROOT = iphoneos;
				VALIDATE_PRODUCT = YES;
			};
			name = Release;
		};
		C0A1850D1C4CB5BD0016AAB7 /* Debug */ = {
			isa = XCBuildConfiguration;
			buildSettings = {
				ASSETCATALOG_COMPILER_APPICON_NAME = AppIcon;
				FRAMEWORK_SEARCH_PATHS = (
					"$(inherited)",
					"$(PROJECT_DIR)/myapp",
				);
				INFOPLIST_FILE = myapp/Info.plist;
				LD_RUNPATH_SEARCH_PATHS = "$(inherited) @executable_path/Frameworks";
				PRODUCT_BUNDLE_IDENTIFIER = com.chhetri.myapp;
				PRODUCT_NAME = "$(TARGET_NAME)";
			};
			name = Debug;
		};
		C0A1850E1C4CB5BD0016AAB7 /* Release */ = {
			isa = XCBuildConfiguration;
			buildSettings = {
				ASSETCATALOG_COMPILER_APPICON_NAME = AppIcon;
				FRAMEWORK_SEARCH_PATHS = (
					"$(inherited)",
					"$(PROJECT_DIR)/myapp",
				);
				INFOPLIST_FILE = myapp/Info.plist;
				LD_RUNPATH_SEARCH_PATHS = "$(inherited) @executable_path/Frameworks";
				PRODUCT_BUNDLE_IDENTIFIER = com.chhetri.myapp;
				PRODUCT_NAME = "$(TARGET_NAME)";
			};
			name = Release;
		};
		C0A185101C4CB5BD0016AAB7 /* Debug */ = {
			isa = XCBuildConfiguration;
			buildSettings = {
				BUNDLE_LOADER = "$(TEST_HOST)";
				INFOPLIST_FILE = myappTests/Info.plist;
				LD_RUNPATH_SEARCH_PATHS = "$(inherited) @executable_path/Frameworks @loader_path/Frameworks";
				PRODUCT_BUNDLE_IDENTIFIER = com.chhetri.myappTests;
				PRODUCT_NAME = "$(TARGET_NAME)";
				TEST_HOST = "$(BUILT_PRODUCTS_DIR)/myapp.app/myapp";
			};
			name = Debug;
		};
		C0A185111C4CB5BD0016AAB7 /* Release */ = {
			isa = XCBuildConfiguration;
			buildSettings = {
				BUNDLE_LOADER = "$(TEST_HOST)";
				INFOPLIST_FILE = myappTests/Info.plist;
				LD_RUNPATH_SEARCH_PATHS = "$(inherited) @executable_path/Frameworks @loader_path/Frameworks";
				PRODUCT_BUNDLE_IDENTIFIER = com.chhetri.myappTests;
				PRODUCT_NAME = "$(TARGET_NAME)";
				TEST_HOST = "$(BUILT_PRODUCTS_DIR)/myapp.app/myapp";
			};
			name = Release;
		};
		C0A185131C4CB5BD0016AAB7 /* Debug */ = {
			isa = XCBuildConfiguration;
			buildSettings = {
				INFOPLIST_FILE = myappUITests/Info.plist;
				LD_RUNPATH_SEARCH_PATHS = "$(inherited) @executable_path/Frameworks @loader_path/Frameworks";
				PRODUCT_BUNDLE_IDENTIFIER = com.chhetri.myappUITests;
				PRODUCT_NAME = "$(TARGET_NAME)";
				TEST_TARGET_NAME = myapp;
				USES_XCTRUNNER = YES;
			};
			name = Debug;
		};
		C0A185141C4CB5BD0016AAB7 /* Release */ = {
			isa = XCBuildConfiguration;
			buildSettings = {
				INFOPLIST_FILE = myappUITests/Info.plist;
				LD_RUNPATH_SEARCH_PATHS = "$(inherited) @executable_path/Frameworks @loader_path/Frameworks";
				PRODUCT_BUNDLE_IDENTIFIER = com.chhetri.myappUITests;
				PRODUCT_NAME = "$(TARGET_NAME)";
				TEST_TARGET_NAME = myapp;
				USES_XCTRUNNER = YES;
			};
			name = Release;
		};
/* End XCBuildConfiguration section */

/* Begin XCConfigurationList section */
		C0A184DF1C4CB5BC0016AAB7 /* Build configuration list for PBXProject "myapp" */ = {
			isa = XCConfigurationList;
			buildConfigurations = (
				C0A1850A1C4CB5BD0016AAB7 /* Debug */,
				C0A1850B1C4CB5BD0016AAB7 /* Release */,
			);
			defaultConfigurationIsVisible = 0;
			defaultConfigurationName = Release;
		};
		C0A1850C1C4CB5BD0016AAB7 /* Build configuration list for PBXNativeTarget "myapp" */ = {
			isa = XCConfigurationList;
			buildConfigurations = (
				C0A1850D1C4CB5BD0016AAB7 /* Debug */,
				C0A1850E1C4CB5BD0016AAB7 /* Release */,
			);
			defaultConfigurationIsVisible = 0;
			defaultConfigurationName = Release;
		};
		C0A1850F1C4CB5BD0016AAB7 /* Build configuration list for PBXNativeTarget "myappTests" */ = {
			isa = XCConfigurationList;
			buildConfigurations = (
				C0A185101C4CB5BD0016AAB7 /* Debug */,
				C0A185111C4CB5BD0016AAB7 /* Release */,
			);
			defaultConfigurationIsVisible = 0;
			defaultConfigurationName = Release;
		};
		C0A185121C4CB5BD0016AAB7 /* Build configuration list for PBXNativeTarget "myappUITests" */ = {
			isa = XCConfigurationList;
			buildConfigurations = (
				C0A185131C4CB5BD0016AAB7 /* Debug */,
				C0A185141C4CB5BD0016AAB7 /* Release */,
			);
			defaultConfigurationIsVisible = 0;
			defaultConfigurationName = Release;
		};
/* End XCConfigurationList section */
	};
	rootObject = C0A184DC1C4CB5BC0016AAB7 /* Project object */;
}
